
Microsoft Visual Studio Solution File, Format Version 12.00
# Visual Studio Version 16
VisualStudioVersion = 16.0.29009.5
MinimumVisualStudioVersion = 10.0.40219.1
Project("{FAE04EC0-301F-11D3-BF4B-00C04F79EFBC}") = "EtiquetasClippStore", "EtiquetasClippStore.csproj", "{0DCCE69E-DF7E-437E-93B4-DD0BBEB587F5}"
EndProject
Project("{54435603-DBB4-11D2-8724-00A0C9A8B90C}") = "EtiquetasClippStoreSETUP", "..\EtiquetasClippStoreSETUP\EtiquetasClippStoreSETUP.vdproj", "{3C0F38CE-8CF3-405E-AFE5-EDB96F1BA5D6}"
EndProject
Global
	GlobalSection(SolutionConfigurationPlatforms) = preSolution
		Debug|Any CPU = Debug|Any CPU
		Release|Any CPU = Release|Any CPU
	EndGlobalSection
	GlobalSection(ProjectConfigurationPlatforms) = postSolution
		{0DCCE69E-DF7E-437E-93B4-DD0BBEB587F5}.Debug|Any CPU.ActiveCfg = Debug|Any CPU
		{0DCCE69E-DF7E-437E-93B4-DD0BBEB587F5}.Debug|Any CPU.Build.0 = Debug|Any CPU
		{0DCCE69E-DF7E-437E-93B4-DD0BBEB587F5}.Release|Any CPU.ActiveCfg = Release|Any CPU
		{0DCCE69E-DF7E-437E-93B4-DD0BBEB587F5}.Release|Any CPU.Build.0 = Release|Any CPU
		{3C0F38CE-8CF3-405E-AFE5-EDB96F1BA5D6}.Debug|Any CPU.ActiveCfg = Debug
		{3C0F38CE-8CF3-405E-AFE5-EDB96F1BA5D6}.Release|Any CPU.ActiveCfg = Release
	EndGlobalSection
	GlobalSection(SolutionProperties) = preSolution
		HideSolutionNode = FALSE
	EndGlobalSection
	GlobalSection(ExtensibilityGlobals) = postSolution
		SolutionGuid = {70E835BF-FAE6-4785-8ECE-E7624B211612}
	EndGlobalSection
EndGlobal
